
Microsoft Visual Studio Solution File, Format Version 12.00
# Visual Studio Version 17
VisualStudioVersion = 17.11.35312.102
MinimumVisualStudioVersion = 10.0.40219.1
Project("{F184B08F-C81C-45F6-A57F-5ABD9991F28F}") = "KasirElektronik", "KasirElektronik.vbproj", "{A990197F-8A55-4AF8-AAF9-82BDAA5B41DB}"
EndProject
Global
	GlobalSection(SolutionConfigurationPlatforms) = preSolution
		Debug|Any CPU = Debug|Any CPU
		Release|Any CPU = Release|Any CPU
	EndGlobalSection
	GlobalSection(ProjectConfigurationPlatforms) = postSolution
		{A990197F-8A55-4AF8-AAF9-82BDAA5B41DB}.Debug|Any CPU.ActiveCfg = Debug|Any CPU
		{A990197F-8A55-4AF8-AAF9-82BDAA5B41DB}.Debug|Any CPU.Build.0 = Debug|Any CPU
		{A990197F-8A55-4AF8-AAF9-82BDAA5B41DB}.Release|Any CPU.ActiveCfg = Release|Any CPU
		{A990197F-8A55-4AF8-AAF9-82BDAA5B41DB}.Release|Any CPU.Build.0 = Release|Any CPU
	EndGlobalSection
	GlobalSection(SolutionProperties) = preSolution
		HideSolutionNode = FALSE
	EndGlobalSection
	GlobalSection(ExtensibilityGlobals) = postSolution
		SolutionGuid = {B4455FFF-1A13-4545-A354-CF9855B2D222}
	EndGlobalSection
EndGlobal
